
Microsoft Visual Studio Solution File, Format Version 12.00
Project("{FAE04EC0-301F-11D3-BF4B-00C04F79EFBC}") = "TurtleBot", "TurtleBot\TurtleBot.csproj", "{CBF891FB-1321-4D70-988E-7AC801C425EF}"
EndProject
Global
	GlobalSection(SolutionConfigurationPlatforms) = preSolution
		Debug|Any CPU = Debug|Any CPU
		Release|Any CPU = Release|Any CPU
	EndGlobalSection
	GlobalSection(ProjectConfigurationPlatforms) = postSolution
		{CBF891FB-1321-4D70-988E-7AC801C425EF}.Debug|Any CPU.ActiveCfg = Debug|Any CPU
		{CBF891FB-1321-4D70-988E-7AC801C425EF}.Debug|Any CPU.Build.0 = Debug|Any CPU
		{CBF891FB-1321-4D70-988E-7AC801C425EF}.Release|Any CPU.ActiveCfg = Release|Any CPU
		{CBF891FB-1321-4D70-988E-7AC801C425EF}.Release|Any CPU.Build.0 = Release|Any CPU
	EndGlobalSection
EndGlobal
